
Microsoft Visual Studio Solution File, Format Version 12.00
# Visual Studio Version 16
VisualStudioVersion = 16.0.31105.61
MinimumVisualStudioVersion = 10.0.40219.1
Project("{8BC9CEB8-8B4A-11D0-8D11-00A0C91BC942}") = "C_Queue", "C_Queue\C_Queue.vcxproj", "{25069B46-5437-40F6-9C3D-DA91C2492837}"
EndProject
Global
	GlobalSection(SolutionConfigurationPlatforms) = preSolution
		Debug|x64 = Debug|x64
		Debug|x86 = Debug|x86
		Release|x64 = Release|x64
		Release|x86 = Release|x86
	EndGlobalSection
	GlobalSection(ProjectConfigurationPlatforms) = postSolution
		{25069B46-5437-40F6-9C3D-DA91C2492837}.Debug|x64.ActiveCfg = Debug|x64
		{25069B46-5437-40F6-9C3D-DA91C2492837}.Debug|x64.Build.0 = Debug|x64
		{25069B46-5437-40F6-9C3D-DA91C2492837}.Debug|x86.ActiveCfg = Debug|Win32
		{25069B46-5437-40F6-9C3D-DA91C2492837}.Debug|x86.Build.0 = Debug|Win32
		{25069B46-5437-40F6-9C3D-DA91C2492837}.Release|x64.ActiveCfg = Release|x64
		{25069B46-5437-40F6-9C3D-DA91C2492837}.Release|x64.Build.0 = Release|x64
		{25069B46-5437-40F6-9C3D-DA91C2492837}.Release|x86.ActiveCfg = Release|Win32
		{25069B46-5437-40F6-9C3D-DA91C2492837}.Release|x86.Build.0 = Release|Win32
	EndGlobalSection
	GlobalSection(SolutionProperties) = preSolution
		HideSolutionNode = FALSE
	EndGlobalSection
	GlobalSection(ExtensibilityGlobals) = postSolution
		SolutionGuid = {4E3BACDD-EB57-4F81-B9DD-6FC5C3268C51}
	EndGlobalSection
EndGlobal
