
Microsoft Visual Studio Solution File, Format Version 12.00
# Visual Studio Version 16
VisualStudioVersion = 16.0.31105.61
MinimumVisualStudioVersion = 10.0.40219.1
Project("{8BC9CEB8-8B4A-11D0-8D11-00A0C91BC942}") = "C_Stack", "C_Stack\C_Stack.vcxproj", "{4566456D-8953-4D69-8A95-34778A95BB0F}"
EndProject
Global
	GlobalSection(SolutionConfigurationPlatforms) = preSolution
		Debug|x64 = Debug|x64
		Debug|x86 = Debug|x86
		Release|x64 = Release|x64
		Release|x86 = Release|x86
	EndGlobalSection
	GlobalSection(ProjectConfigurationPlatforms) = postSolution
		{4566456D-8953-4D69-8A95-34778A95BB0F}.Debug|x64.ActiveCfg = Debug|x64
		{4566456D-8953-4D69-8A95-34778A95BB0F}.Debug|x64.Build.0 = Debug|x64
		{4566456D-8953-4D69-8A95-34778A95BB0F}.Debug|x86.ActiveCfg = Debug|Win32
		{4566456D-8953-4D69-8A95-34778A95BB0F}.Debug|x86.Build.0 = Debug|Win32
		{4566456D-8953-4D69-8A95-34778A95BB0F}.Release|x64.ActiveCfg = Release|x64
		{4566456D-8953-4D69-8A95-34778A95BB0F}.Release|x64.Build.0 = Release|x64
		{4566456D-8953-4D69-8A95-34778A95BB0F}.Release|x86.ActiveCfg = Release|Win32
		{4566456D-8953-4D69-8A95-34778A95BB0F}.Release|x86.Build.0 = Release|Win32
	EndGlobalSection
	GlobalSection(SolutionProperties) = preSolution
		HideSolutionNode = FALSE
	EndGlobalSection
	GlobalSection(ExtensibilityGlobals) = postSolution
		SolutionGuid = {6DDE99CA-CCAA-421D-BD5F-45BA7920FE36}
	EndGlobalSection
EndGlobal
